
Microsoft Visual Studio Solution File, Format Version 12.00
# Visual Studio Version 17
VisualStudioVersion = 17.0.32014.148
MinimumVisualStudioVersion = 10.0.40219.1
Project("{8BC9CEB8-8B4A-11D0-8D11-00A0C91BC942}") = "Program", "Program.vcxproj", "{6DDE6C89-DF52-4E7F-84E3-AC811A644140}"
EndProject
Project("{8BC9CEB8-8B4A-11D0-8D11-00A0C91BC942}") = "Class1th (Variable)", "..\Class1th (Varible)\Class1th (Varible).vcxproj", "{A155F857-112E-47EF-A376-CC3BA13FCCF4}"
EndProject
Project("{8BC9CEB8-8B4A-11D0-8D11-00A0C91BC942}") = "Class2th (Constant)", "..\Class2th (Constant)\Class2th (Constant).vcxproj", "{A60BDD36-6755-4128-9DDE-826FC93688C8}"
EndProject
Project("{8BC9CEB8-8B4A-11D0-8D11-00A0C91BC942}") = "Solving", "..\Solving\Solving.vcxproj", "{D73FF73B-7B58-45CB-87F2-E7997859A03A}"
EndProject
Project("{8BC9CEB8-8B4A-11D0-8D11-00A0C91BC942}") = "Class3th (Bit)", "..\Class3th (Bit)\Class3th (Bit).vcxproj", "{BF3C86BA-8131-42BA-923F-9DABD8F86BD6}"
EndProject
Project("{8BC9CEB8-8B4A-11D0-8D11-00A0C91BC942}") = "Class4th (Overflow & Underflow)", "..\Class4th (Overflow & Underflow)\Class4th (Overflow & Underflow).vcxproj", "{F887E657-3A72-4FC6-B808-8E6B067E49C0}"
EndProject
Project("{8BC9CEB8-8B4A-11D0-8D11-00A0C91BC942}") = "Class5th (Conditional Statement)", "..\Class5th (Conditional Statement)\Class5th (Conditional Statement).vcxproj", "{B00E718B-914A-4E28-9614-B0E06F599E3E}"
EndProject
Project("{8BC9CEB8-8B4A-11D0-8D11-00A0C91BC942}") = "Class6th (Iteration Statement)", "..\Class6th (Iteration Statement)\Class6th (Iteration Statement).vcxproj", "{499E026A-078E-4D61-A6C5-F5638ADD29E2}"
EndProject
Project("{8BC9CEB8-8B4A-11D0-8D11-00A0C91BC942}") = "Class7th (Type Conversion)", "..\Class7th (Type Conversion)\Class7th (Type Conversion).vcxproj", "{7AAF0DBD-C3A5-4DA2-8713-06195D204952}"
EndProject
Project("{8BC9CEB8-8B4A-11D0-8D11-00A0C91BC942}") = "Class8th (Pointer)", "..\Class8th (Pointer)\Class8th (Pointer).vcxproj", "{B8112C18-2E33-406F-8D9C-1615FF512C25}"
EndProject
Project("{8BC9CEB8-8B4A-11D0-8D11-00A0C91BC942}") = "Class9th (Arrangement)", "..\Class9th (Arrangement)\Class9th (Arrangement).vcxproj", "{51B55D18-0C0E-4A1C-92C9-CE36A61EFA72}"
EndProject
Global
	GlobalSection(SolutionConfigurationPlatforms) = preSolution
		Debug|x64 = Debug|x64
		Debug|x86 = Debug|x86
		Release|x64 = Release|x64
		Release|x86 = Release|x86
	EndGlobalSection
	GlobalSection(ProjectConfigurationPlatforms) = postSolution
		{6DDE6C89-DF52-4E7F-84E3-AC811A644140}.Debug|x64.ActiveCfg = Debug|x64
		{6DDE6C89-DF52-4E7F-84E3-AC811A644140}.Debug|x64.Build.0 = Debug|x64
		{6DDE6C89-DF52-4E7F-84E3-AC811A644140}.Debug|x86.ActiveCfg = Debug|Win32
		{6DDE6C89-DF52-4E7F-84E3-AC811A644140}.Debug|x86.Build.0 = Debug|Win32
		{6DDE6C89-DF52-4E7F-84E3-AC811A644140}.Release|x64.ActiveCfg = Release|x64
		{6DDE6C89-DF52-4E7F-84E3-AC811A644140}.Release|x64.Build.0 = Release|x64
		{6DDE6C89-DF52-4E7F-84E3-AC811A644140}.Release|x86.ActiveCfg = Release|Win32
		{6DDE6C89-DF52-4E7F-84E3-AC811A644140}.Release|x86.Build.0 = Release|Win32
		{A155F857-112E-47EF-A376-CC3BA13FCCF4}.Debug|x64.ActiveCfg = Debug|x64
		{A155F857-112E-47EF-A376-CC3BA13FCCF4}.Debug|x64.Build.0 = Debug|x64
		{A155F857-112E-47EF-A376-CC3BA13FCCF4}.Debug|x86.ActiveCfg = Debug|Win32
		{A155F857-112E-47EF-A376-CC3BA13FCCF4}.Debug|x86.Build.0 = Debug|Win32
		{A155F857-112E-47EF-A376-CC3BA13FCCF4}.Release|x64.ActiveCfg = Release|x64
		{A155F857-112E-47EF-A376-CC3BA13FCCF4}.Release|x64.Build.0 = Release|x64
		{A155F857-112E-47EF-A376-CC3BA13FCCF4}.Release|x86.ActiveCfg = Release|Win32
		{A155F857-112E-47EF-A376-CC3BA13FCCF4}.Release|x86.Build.0 = Release|Win32
		{A60BDD36-6755-4128-9DDE-826FC93688C8}.Debug|x64.ActiveCfg = Debug|x64
		{A60BDD36-6755-4128-9DDE-826FC93688C8}.Debug|x64.Build.0 = Debug|x64
		{A60BDD36-6755-4128-9DDE-826FC93688C8}.Debug|x86.ActiveCfg = Debug|Win32
		{A60BDD36-6755-4128-9DDE-826FC93688C8}.Debug|x86.Build.0 = Debug|Win32
		{A60BDD36-6755-4128-9DDE-826FC93688C8}.Release|x64.ActiveCfg = Release|x64
		{A60BDD36-6755-4128-9DDE-826FC93688C8}.Release|x64.Build.0 = Release|x64
		{A60BDD36-6755-4128-9DDE-826FC93688C8}.Release|x86.ActiveCfg = Release|Win32
		{A60BDD36-6755-4128-9DDE-826FC93688C8}.Release|x86.Build.0 = Release|Win32
		{D73FF73B-7B58-45CB-87F2-E7997859A03A}.Debug|x64.ActiveCfg = Debug|x64
		{D73FF73B-7B58-45CB-87F2-E7997859A03A}.Debug|x64.Build.0 = Debug|x64
		{D73FF73B-7B58-45CB-87F2-E7997859A03A}.Debug|x86.ActiveCfg = Debug|Win32
		{D73FF73B-7B58-45CB-87F2-E7997859A03A}.Debug|x86.Build.0 = Debug|Win32
		{D73FF73B-7B58-45CB-87F2-E7997859A03A}.Release|x64.ActiveCfg = Release|x64
		{D73FF73B-7B58-45CB-87F2-E7997859A03A}.Release|x64.Build.0 = Release|x64
		{D73FF73B-7B58-45CB-87F2-E7997859A03A}.Release|x86.ActiveCfg = Release|Win32
		{D73FF73B-7B58-45CB-87F2-E7997859A03A}.Release|x86.Build.0 = Release|Win32
		{BF3C86BA-8131-42BA-923F-9DABD8F86BD6}.Debug|x64.ActiveCfg = Debug|x64
		{BF3C86BA-8131-42BA-923F-9DABD8F86BD6}.Debug|x64.Build.0 = Debug|x64
		{BF3C86BA-8131-42BA-923F-9DABD8F86BD6}.Debug|x86.ActiveCfg = Debug|Win32
		{BF3C86BA-8131-42BA-923F-9DABD8F86BD6}.Debug|x86.Build.0 = Debug|Win32
		{BF3C86BA-8131-42BA-923F-9DABD8F86BD6}.Release|x64.ActiveCfg = Release|x64
		{BF3C86BA-8131-42BA-923F-9DABD8F86BD6}.Release|x64.Build.0 = Release|x64
		{BF3C86BA-8131-42BA-923F-9DABD8F86BD6}.Release|x86.ActiveCfg = Release|Win32
		{BF3C86BA-8131-42BA-923F-9DABD8F86BD6}.Release|x86.Build.0 = Release|Win32
		{F887E657-3A72-4FC6-B808-8E6B067E49C0}.Debug|x64.ActiveCfg = Debug|x64
		{F887E657-3A72-4FC6-B808-8E6B067E49C0}.Debug|x64.Build.0 = Debug|x64
		{F887E657-3A72-4FC6-B808-8E6B067E49C0}.Debug|x86.ActiveCfg = Debug|Win32
		{F887E657-3A72-4FC6-B808-8E6B067E49C0}.Debug|x86.Build.0 = Debug|Win32
		{F887E657-3A72-4FC6-B808-8E6B067E49C0}.Release|x64.ActiveCfg = Release|x64
		{F887E657-3A72-4FC6-B808-8E6B067E49C0}.Release|x64.Build.0 = Release|x64
		{F887E657-3A72-4FC6-B808-8E6B067E49C0}.Release|x86.ActiveCfg = Release|Win32
		{F887E657-3A72-4FC6-B808-8E6B067E49C0}.Release|x86.Build.0 = Release|Win32
		{B00E718B-914A-4E28-9614-B0E06F599E3E}.Debug|x64.ActiveCfg = Debug|x64
		{B00E718B-914A-4E28-9614-B0E06F599E3E}.Debug|x64.Build.0 = Debug|x64
		{B00E718B-914A-4E28-9614-B0E06F599E3E}.Debug|x86.ActiveCfg = Debug|Win32
		{B00E718B-914A-4E28-9614-B0E06F599E3E}.Debug|x86.Build.0 = Debug|Win32
		{B00E718B-914A-4E28-9614-B0E06F599E3E}.Release|x64.ActiveCfg = Release|x64
		{B00E718B-914A-4E28-9614-B0E06F599E3E}.Release|x64.Build.0 = Release|x64
		{B00E718B-914A-4E28-9614-B0E06F599E3E}.Release|x86.ActiveCfg = Release|Win32
		{B00E718B-914A-4E28-9614-B0E06F599E3E}.Release|x86.Build.0 = Release|Win32
		{499E026A-078E-4D61-A6C5-F5638ADD29E2}.Debug|x64.ActiveCfg = Debug|x64
		{499E026A-078E-4D61-A6C5-F5638ADD29E2}.Debug|x64.Build.0 = Debug|x64
		{499E026A-078E-4D61-A6C5-F5638ADD29E2}.Debug|x86.ActiveCfg = Debug|Win32
		{499E026A-078E-4D61-A6C5-F5638ADD29E2}.Debug|x86.Build.0 = Debug|Win32
		{499E026A-078E-4D61-A6C5-F5638ADD29E2}.Release|x64.ActiveCfg = Release|x64
		{499E026A-078E-4D61-A6C5-F5638ADD29E2}.Release|x64.Build.0 = Release|x64
		{499E026A-078E-4D61-A6C5-F5638ADD29E2}.Release|x86.ActiveCfg = Release|Win32
		{499E026A-078E-4D61-A6C5-F5638ADD29E2}.Release|x86.Build.0 = Release|Win32
		{7AAF0DBD-C3A5-4DA2-8713-06195D204952}.Debug|x64.ActiveCfg = Debug|x64
		{7AAF0DBD-C3A5-4DA2-8713-06195D204952}.Debug|x64.Build.0 = Debug|x64
		{7AAF0DBD-C3A5-4DA2-8713-06195D204952}.Debug|x86.ActiveCfg = Debug|Win32
		{7AAF0DBD-C3A5-4DA2-8713-06195D204952}.Debug|x86.Build.0 = Debug|Win32
		{7AAF0DBD-C3A5-4DA2-8713-06195D204952}.Release|x64.ActiveCfg = Release|x64
		{7AAF0DBD-C3A5-4DA2-8713-06195D204952}.Release|x64.Build.0 = Release|x64
		{7AAF0DBD-C3A5-4DA2-8713-06195D204952}.Release|x86.ActiveCfg = Release|Win32
		{7AAF0DBD-C3A5-4DA2-8713-06195D204952}.Release|x86.Build.0 = Release|Win32
		{B8112C18-2E33-406F-8D9C-1615FF512C25}.Debug|x64.ActiveCfg = Debug|x64
		{B8112C18-2E33-406F-8D9C-1615FF512C25}.Debug|x64.Build.0 = Debug|x64
		{B8112C18-2E33-406F-8D9C-1615FF512C25}.Debug|x86.ActiveCfg = Debug|Win32
		{B8112C18-2E33-406F-8D9C-1615FF512C25}.Debug|x86.Build.0 = Debug|Win32
		{B8112C18-2E33-406F-8D9C-1615FF512C25}.Release|x64.ActiveCfg = Release|x64
		{B8112C18-2E33-406F-8D9C-1615FF512C25}.Release|x64.Build.0 = Release|x64
		{B8112C18-2E33-406F-8D9C-1615FF512C25}.Release|x86.ActiveCfg = Release|Win32
		{B8112C18-2E33-406F-8D9C-1615FF512C25}.Release|x86.Build.0 = Release|Win32
		{51B55D18-0C0E-4A1C-92C9-CE36A61EFA72}.Debug|x64.ActiveCfg = Debug|x64
		{51B55D18-0C0E-4A1C-92C9-CE36A61EFA72}.Debug|x64.Build.0 = Debug|x64
		{51B55D18-0C0E-4A1C-92C9-CE36A61EFA72}.Debug|x86.ActiveCfg = Debug|Win32
		{51B55D18-0C0E-4A1C-92C9-CE36A61EFA72}.Debug|x86.Build.0 = Debug|Win32
		{51B55D18-0C0E-4A1C-92C9-CE36A61EFA72}.Release|x64.ActiveCfg = Release|x64
		{51B55D18-0C0E-4A1C-92C9-CE36A61EFA72}.Release|x64.Build.0 = Release|x64
		{51B55D18-0C0E-4A1C-92C9-CE36A61EFA72}.Release|x86.ActiveCfg = Release|Win32
		{51B55D18-0C0E-4A1C-92C9-CE36A61EFA72}.Release|x86.Build.0 = Release|Win32
	EndGlobalSection
	GlobalSection(SolutionProperties) = preSolution
		HideSolutionNode = FALSE
	EndGlobalSection
	GlobalSection(ExtensibilityGlobals) = postSolution
		SolutionGuid = {6FE7A1F5-8E1A-482A-A97C-F86F78153F41}
	EndGlobalSection
EndGlobal
